
Microsoft Visual Studio Solution File, Format Version 12.00
# Visual Studio 14
VisualStudioVersion = 14.0.25420.1
MinimumVisualStudioVersion = 10.0.40219.1
Project("{FAE04EC0-301F-11D3-BF4B-00C04F79EFBC}") = "Work_TimeBook", "Work_TimeBook\Work_TimeBook.csproj", "{7DE12232-00C5-46AB-9A81-DE7BD5BFAEEF}"
EndProject
Project("{FAE04EC0-301F-11D3-BF4B-00C04F79EFBC}") = "Entity", "Entity\Entity.csproj", "{E5741202-061E-41DF-B33C-9E1A540C6542}"
EndProject
Global
	GlobalSection(SolutionConfigurationPlatforms) = preSolution
		Debug|Any CPU = Debug|Any CPU
		Release|Any CPU = Release|Any CPU
	EndGlobalSection
	GlobalSection(ProjectConfigurationPlatforms) = postSolution
		{7DE12232-00C5-46AB-9A81-DE7BD5BFAEEF}.Debug|Any CPU.ActiveCfg = Debug|Any CPU
		{7DE12232-00C5-46AB-9A81-DE7BD5BFAEEF}.Debug|Any CPU.Build.0 = Debug|Any CPU
		{7DE12232-00C5-46AB-9A81-DE7BD5BFAEEF}.Release|Any CPU.ActiveCfg = Release|Any CPU
		{7DE12232-00C5-46AB-9A81-DE7BD5BFAEEF}.Release|Any CPU.Build.0 = Release|Any CPU
		{E5741202-061E-41DF-B33C-9E1A540C6542}.Debug|Any CPU.ActiveCfg = Debug|Any CPU
		{E5741202-061E-41DF-B33C-9E1A540C6542}.Debug|Any CPU.Build.0 = Debug|Any CPU
		{E5741202-061E-41DF-B33C-9E1A540C6542}.Release|Any CPU.ActiveCfg = Release|Any CPU
		{E5741202-061E-41DF-B33C-9E1A540C6542}.Release|Any CPU.Build.0 = Release|Any CPU
	EndGlobalSection
	GlobalSection(SolutionProperties) = preSolution
		HideSolutionNode = FALSE
	EndGlobalSection
EndGlobal
