
Microsoft Visual Studio Solution File, Format Version 12.00
# Visual Studio 14
VisualStudioVersion = 14.0.25420.1
MinimumVisualStudioVersion = 10.0.40219.1
Project("{FAE04EC0-301F-11D3-BF4B-00C04F79EFBC}") = "Entity", "Entity\Entity.csproj", "{E5741202-061E-41DF-B33C-9E1A540C6542}"
EndProject
Project("{FAE04EC0-301F-11D3-BF4B-00C04F79EFBC}") = "Helper", "Helper\Helper.csproj", "{E40794E2-76CA-4F37-A2E5-BD9F4B302925}"
EndProject
Project("{FAE04EC0-301F-11D3-BF4B-00C04F79EFBC}") = "Site", "Site\Site.csproj", "{A05BFCE6-F3A7-46DC-903D-CCC25922BC63}"
EndProject
Project("{FAE04EC0-301F-11D3-BF4B-00C04F79EFBC}") = "ConsoleApplication1", "ConsoleApplication1\ConsoleApplication1.csproj", "{582D63BD-AAD3-40C9-A31C-9E8AC4B4628B}"
EndProject
Global
	GlobalSection(SolutionConfigurationPlatforms) = preSolution
		Debug|Any CPU = Debug|Any CPU
		Release|Any CPU = Release|Any CPU
	EndGlobalSection
	GlobalSection(ProjectConfigurationPlatforms) = postSolution
		{E5741202-061E-41DF-B33C-9E1A540C6542}.Debug|Any CPU.ActiveCfg = Debug|Any CPU
		{E5741202-061E-41DF-B33C-9E1A540C6542}.Debug|Any CPU.Build.0 = Debug|Any CPU
		{E5741202-061E-41DF-B33C-9E1A540C6542}.Release|Any CPU.ActiveCfg = Release|Any CPU
		{E5741202-061E-41DF-B33C-9E1A540C6542}.Release|Any CPU.Build.0 = Release|Any CPU
		{E40794E2-76CA-4F37-A2E5-BD9F4B302925}.Debug|Any CPU.ActiveCfg = Debug|Any CPU
		{E40794E2-76CA-4F37-A2E5-BD9F4B302925}.Debug|Any CPU.Build.0 = Debug|Any CPU
		{E40794E2-76CA-4F37-A2E5-BD9F4B302925}.Release|Any CPU.ActiveCfg = Release|Any CPU
		{E40794E2-76CA-4F37-A2E5-BD9F4B302925}.Release|Any CPU.Build.0 = Release|Any CPU
		{A05BFCE6-F3A7-46DC-903D-CCC25922BC63}.Debug|Any CPU.ActiveCfg = Debug|Any CPU
		{A05BFCE6-F3A7-46DC-903D-CCC25922BC63}.Debug|Any CPU.Build.0 = Debug|Any CPU
		{A05BFCE6-F3A7-46DC-903D-CCC25922BC63}.Release|Any CPU.ActiveCfg = Release|Any CPU
		{A05BFCE6-F3A7-46DC-903D-CCC25922BC63}.Release|Any CPU.Build.0 = Release|Any CPU
		{582D63BD-AAD3-40C9-A31C-9E8AC4B4628B}.Debug|Any CPU.ActiveCfg = Debug|Any CPU
		{582D63BD-AAD3-40C9-A31C-9E8AC4B4628B}.Debug|Any CPU.Build.0 = Debug|Any CPU
		{582D63BD-AAD3-40C9-A31C-9E8AC4B4628B}.Release|Any CPU.ActiveCfg = Release|Any CPU
		{582D63BD-AAD3-40C9-A31C-9E8AC4B4628B}.Release|Any CPU.Build.0 = Release|Any CPU
	EndGlobalSection
	GlobalSection(SolutionProperties) = preSolution
		HideSolutionNode = FALSE
	EndGlobalSection
EndGlobal
